{
  "version": 4,
  "terraform_version": "1.2.5",
  "serial": 34,
  "lineage": "3b9a64a4-db5c-0381-618d-056a7c1cc267",
  "outputs": {},
  "resources": [
    {
      "mode": "data",
      "type": "aws_ami",
      "name": "ubuntu",
      "provider": "provider[\"registry.terraform.io/hashicorp/aws\"]",
      "instances": [
        {
          "schema_version": 0,
          "attributes": {
            "architecture": "x86_64",
            "arn": "arn:aws:ec2:us-east-2::image/ami-07f84a50d2dec2fa4",
            "block_device_mappings": [
              {
                "device_name": "/dev/sda1",
                "ebs": {
                  "delete_on_termination": "true",
                  "encrypted": "false",
                  "iops": "0",
                  "snapshot_id": "snap-0b79fa1ce86a00ee0",
                  "throughput": "0",
                  "volume_size": "8",
                  "volume_type": "gp2"
                },
                "no_device": "",
                "virtual_name": ""
              },
              {
                "device_name": "/dev/sdb",
                "ebs": {},
                "no_device": "",
                "virtual_name": "ephemeral0"
              },
              {
                "device_name": "/dev/sdc",
                "ebs": {},
                "no_device": "",
                "virtual_name": "ephemeral1"
              }
            ],
            "boot_mode": "",
            "creation_date": "2022-07-07T00:49:14.000Z",
            "deprecation_time": "2024-07-07T00:49:14.000Z",
            "description": "Canonical, Ubuntu, 20.04 LTS, amd64 focal image build on 2022-07-06",
            "ena_support": true,
            "executable_users": null,
            "filter": [
              {
                "name": "name",
                "values": [
                  "ubuntu/images/hvm-ssd/ubuntu-focal-20.04-amd64-server-*"
                ]
              },
              {
                "name": "virtualization-type",
                "values": [
                  "hvm"
                ]
              }
            ],
            "hypervisor": "xen",
            "id": "ami-07f84a50d2dec2fa4",
            "image_id": "ami-07f84a50d2dec2fa4",
            "image_location": "099720109477/ubuntu/images/hvm-ssd/ubuntu-focal-20.04-amd64-server-20220706",
            "image_owner_alias": "",
            "image_type": "machine",
            "include_deprecated": false,
            "kernel_id": "",
            "most_recent": true,
            "name": "ubuntu/images/hvm-ssd/ubuntu-focal-20.04-amd64-server-20220706",
            "name_regex": null,
            "owner_id": "099720109477",
            "owners": [
              "099720109477"
            ],
            "platform": "",
            "platform_details": "Linux/UNIX",
            "product_codes": [],
            "public": true,
            "ramdisk_id": "",
            "root_device_name": "/dev/sda1",
            "root_device_type": "ebs",
            "root_snapshot_id": "snap-0b79fa1ce86a00ee0",
            "sriov_net_support": "simple",
            "state": "available",
            "state_reason": {
              "code": "UNSET",
              "message": "UNSET"
            },
            "tags": {},
            "tpm_support": "",
            "usage_operation": "RunInstances",
            "virtualization_type": "hvm"
          },
          "sensitive_attributes": []
        }
      ]
    },
    {
      "mode": "managed",
      "type": "aws_eip",
      "name": "nat_ip",
      "provider": "provider[\"registry.terraform.io/hashicorp/aws\"]",
      "instances": [
        {
          "schema_version": 0,
          "attributes": {
            "address": null,
            "allocation_id": "eipalloc-0d998fb6bca9c6e0c",
            "associate_with_private_ip": null,
            "association_id": "eipassoc-0b4621ae0032b7da6",
            "carrier_ip": "",
            "customer_owned_ip": "",
            "customer_owned_ipv4_pool": "",
            "domain": "vpc",
            "id": "eipalloc-0d998fb6bca9c6e0c",
            "instance": "",
            "network_border_group": "us-east-2",
            "network_interface": "eni-06433e64e81aaf49c",
            "private_dns": "ip-10-0-0-106.us-east-2.compute.internal",
            "private_ip": "10.0.0.106",
            "public_dns": "ec2-3-16-195-235.us-east-2.compute.amazonaws.com",
            "public_ip": "3.16.195.235",
            "public_ipv4_pool": "amazon",
            "tags": {},
            "tags_all": {},
            "timeouts": null,
            "vpc": true
          },
          "sensitive_attributes": [],
          "private": "eyJlMmJmYjczMC1lY2FhLTExZTYtOGY4OC0zNDM2M2JjN2M0YzAiOnsiZGVsZXRlIjoxODAwMDAwMDAwMDAsInJlYWQiOjkwMDAwMDAwMDAwMCwidXBkYXRlIjozMDAwMDAwMDAwMDB9fQ=="
        }
      ]
    },
    {
      "mode": "managed",
      "type": "aws_instance",
      "name": "bastionhost",
      "provider": "provider[\"registry.terraform.io/hashicorp/aws\"]",
      "instances": [
        {
          "schema_version": 1,
          "attributes": {
            "ami": "ami-07f84a50d2dec2fa4",
            "arn": "arn:aws:ec2:us-east-2:802679893191:instance/i-00b522b294c68914a",
            "associate_public_ip_address": true,
            "availability_zone": "us-east-2a",
            "capacity_reservation_specification": [
              {
                "capacity_reservation_preference": "open",
                "capacity_reservation_target": []
              }
            ],
            "cpu_core_count": 1,
            "cpu_threads_per_core": 1,
            "credit_specification": [
              {
                "cpu_credits": "standard"
              }
            ],
            "disable_api_stop": false,
            "disable_api_termination": false,
            "ebs_block_device": [],
            "ebs_optimized": false,
            "enclave_options": [
              {
                "enabled": false
              }
            ],
            "ephemeral_block_device": [],
            "get_password_data": false,
            "hibernation": false,
            "host_id": null,
            "iam_instance_profile": "",
            "id": "i-00b522b294c68914a",
            "instance_initiated_shutdown_behavior": "stop",
            "instance_state": "running",
            "instance_type": "t2.micro",
            "ipv6_address_count": 0,
            "ipv6_addresses": [],
            "key_name": "",
            "launch_template": [],
            "maintenance_options": [
              {
                "auto_recovery": "default"
              }
            ],
            "metadata_options": [
              {
                "http_endpoint": "enabled",
                "http_put_response_hop_limit": 1,
                "http_tokens": "optional",
                "instance_metadata_tags": "disabled"
              }
            ],
            "monitoring": false,
            "network_interface": [],
            "outpost_arn": "",
            "password_data": "",
            "placement_group": "",
            "placement_partition_number": null,
            "primary_network_interface_id": "eni-04c546ff2db406542",
            "private_dns": "ip-10-0-0-10.us-east-2.compute.internal",
            "private_dns_name_options": [
              {
                "enable_resource_name_dns_a_record": false,
                "enable_resource_name_dns_aaaa_record": false,
                "hostname_type": "ip-name"
              }
            ],
            "private_ip": "10.0.0.10",
            "public_dns": "",
            "public_ip": "18.119.127.185",
            "root_block_device": [
              {
                "delete_on_termination": true,
                "device_name": "/dev/sda1",
                "encrypted": false,
                "iops": 100,
                "kms_key_id": "",
                "tags": {},
                "throughput": 0,
                "volume_id": "vol-003bdab7816920c9f",
                "volume_size": 8,
                "volume_type": "gp2"
              }
            ],
            "secondary_private_ips": [],
            "security_groups": [],
            "source_dest_check": true,
            "subnet_id": "subnet-02503f03781e7332a",
            "tags": {
              "Name": "bastionhost"
            },
            "tags_all": {
              "Name": "bastionhost"
            },
            "tenancy": "default",
            "timeouts": null,
            "user_data": null,
            "user_data_base64": null,
            "user_data_replace_on_change": false,
            "volume_tags": null,
            "vpc_security_group_ids": [
              "sg-0cc9e7cee18bf9b67"
            ]
          },
          "sensitive_attributes": [],
          "private": "eyJlMmJmYjczMC1lY2FhLTExZTYtOGY4OC0zNDM2M2JjN2M0YzAiOnsiY3JlYXRlIjo2MDAwMDAwMDAwMDAsImRlbGV0ZSI6MTIwMDAwMDAwMDAwMCwidXBkYXRlIjo2MDAwMDAwMDAwMDB9LCJzY2hlbWFfdmVyc2lvbiI6IjEifQ==",
          "dependencies": [
            "aws_security_group.allow_ssh",
            "aws_subnet.pub1",
            "data.aws_ami.ubuntu"
          ]
        }
      ]
    },
    {
      "mode": "managed",
      "type": "aws_instance",
      "name": "ec2host",
      "provider": "provider[\"registry.terraform.io/hashicorp/aws\"]",
      "instances": [
        {
          "schema_version": 1,
          "attributes": {
            "ami": "ami-07f84a50d2dec2fa4",
            "arn": "arn:aws:ec2:us-east-2:802679893191:instance/i-0777a50862562f9a4",
            "associate_public_ip_address": false,
            "availability_zone": "us-east-2a",
            "capacity_reservation_specification": [
              {
                "capacity_reservation_preference": "open",
                "capacity_reservation_target": []
              }
            ],
            "cpu_core_count": 1,
            "cpu_threads_per_core": 1,
            "credit_specification": [
              {
                "cpu_credits": "standard"
              }
            ],
            "disable_api_stop": false,
            "disable_api_termination": false,
            "ebs_block_device": [],
            "ebs_optimized": false,
            "enclave_options": [
              {
                "enabled": false
              }
            ],
            "ephemeral_block_device": [],
            "get_password_data": false,
            "hibernation": false,
            "host_id": null,
            "iam_instance_profile": "",
            "id": "i-0777a50862562f9a4",
            "instance_initiated_shutdown_behavior": "stop",
            "instance_state": "running",
            "instance_type": "t2.micro",
            "ipv6_address_count": 0,
            "ipv6_addresses": [],
            "key_name": "testkey",
            "launch_template": [],
            "maintenance_options": [
              {
                "auto_recovery": "default"
              }
            ],
            "metadata_options": [
              {
                "http_endpoint": "enabled",
                "http_put_response_hop_limit": 1,
                "http_tokens": "optional",
                "instance_metadata_tags": "disabled"
              }
            ],
            "monitoring": false,
            "network_interface": [],
            "outpost_arn": "",
            "password_data": "",
            "placement_group": "",
            "placement_partition_number": null,
            "primary_network_interface_id": "eni-08621ee89ccb3cf8e",
            "private_dns": "ip-10-0-2-209.us-east-2.compute.internal",
            "private_dns_name_options": [
              {
                "enable_resource_name_dns_a_record": false,
                "enable_resource_name_dns_aaaa_record": false,
                "hostname_type": "ip-name"
              }
            ],
            "private_ip": "10.0.2.209",
            "public_dns": "",
            "public_ip": "",
            "root_block_device": [
              {
                "delete_on_termination": true,
                "device_name": "/dev/sda1",
                "encrypted": false,
                "iops": 100,
                "kms_key_id": "",
                "tags": {},
                "throughput": 0,
                "volume_id": "vol-086946a3567d1e82d",
                "volume_size": 8,
                "volume_type": "gp2"
              }
            ],
            "secondary_private_ips": [],
            "security_groups": [],
            "source_dest_check": true,
            "subnet_id": "subnet-0944d0c9a1d12db58",
            "tags": {
              "Name": "ec2host"
            },
            "tags_all": {
              "Name": "ec2host"
            },
            "tenancy": "default",
            "timeouts": null,
            "user_data": null,
            "user_data_base64": null,
            "user_data_replace_on_change": false,
            "volume_tags": null,
            "vpc_security_group_ids": [
              "sg-08e0b45044eea4bad"
            ]
          },
          "sensitive_attributes": [],
          "private": "eyJlMmJmYjczMC1lY2FhLTExZTYtOGY4OC0zNDM2M2JjN2M0YzAiOnsiY3JlYXRlIjo2MDAwMDAwMDAwMDAsImRlbGV0ZSI6MTIwMDAwMDAwMDAwMCwidXBkYXRlIjo2MDAwMDAwMDAwMDB9LCJzY2hlbWFfdmVyc2lvbiI6IjEifQ==",
          "dependencies": [
            "aws_key_pair.generated_key",
            "aws_security_group.allow_ssh3000",
            "aws_subnet.prv1",
            "aws_vpc.my_vpc",
            "data.aws_ami.ubuntu",
            "tls_private_key.mykey"
          ]
        }
      ]
    },
    {
      "mode": "managed",
      "type": "aws_internet_gateway",
      "name": "gw",
      "provider": "provider[\"registry.terraform.io/hashicorp/aws\"]",
      "instances": [
        {
          "schema_version": 0,
          "attributes": {
            "arn": "arn:aws:ec2:us-east-2:802679893191:internet-gateway/igw-00fd53d32db11b735",
            "id": "igw-00fd53d32db11b735",
            "owner_id": "802679893191",
            "tags": {
              "Name": "gw"
            },
            "tags_all": {
              "Name": "gw"
            },
            "vpc_id": "vpc-0f4b9866b38682444"
          },
          "sensitive_attributes": [],
          "private": "bnVsbA==",
          "dependencies": [
            "aws_vpc.my_vpc"
          ]
        }
      ]
    },
    {
      "mode": "managed",
      "type": "aws_key_pair",
      "name": "generated_key",
      "provider": "provider[\"registry.terraform.io/hashicorp/aws\"]",
      "instances": [
        {
          "schema_version": 1,
          "attributes": {
            "arn": "arn:aws:ec2:us-east-2:802679893191:key-pair/testkey",
            "fingerprint": "8f:97:ef:42:c6:d1:a7:93:22:ff:55:e2:b7:8b:41:0e",
            "id": "testkey",
            "key_name": "testkey",
            "key_name_prefix": "",
            "key_pair_id": "key-06605afe776464eef",
            "key_type": "rsa",
            "public_key": "ssh-rsa AAAAB3NzaC1yc2EAAAADAQABAAACAQDstSeFmoLii89Fs/FCuoRK+/A61vWDFc83w0sk9o41qQ2xoxiS94CcpwL2LA/97lT9SBSgRsmXcworAyEdwZ36nDWmWgssMBaZrZxeWuXWXE93yXza3pt17ySyJfJ9fKjrDEzjBPn2Js1CArJwxuSUVcOzJoEMvmTfLGFf3iFt7RL5S9NIzrEOWdaW0BjhqEZlgsvXnHFdqPenDaDvIYgrs9g3ONAmGsuZilgtXgo/jKzyYMcwoCr0qTm1H8CR9LM8AEduLclJ2okBppmsYAkG6TO7jLFAkGhmfmFEl+aFjXEqRqRhqZ9/9qihPGechgvdcnXjpvi9OWfUSSSiespTupftJRPuXHdMMEeSkZxf2ap7vl3SSWp769a8TOLEKDO4X8C8AWTv5SO9Ah9CenwZpbNyaAqZZ4TbwCCXfg0mtRr2QSdZq4b9lwcO4HHW+LmqXT7bJVa150nHgVFfheddMMsyUOflmSBT5DRgoo0mBuoT0aGj7cBMlk0eQB9fIkilpB79wqq5XxBuD/wOxw7Le5EUrCfwZFL06sgBT8mF+IZhi9TCyEgDZD9ZWgPWSNBpQfr5+wyc08Uq+sNjy8Cx8B6y2kd2muRWfhSXsGYEL5CdzsTQbz0o//yrpAmAhTTZ+z43iwdQNRHjXJxB1XHD4FowfzlvYs4sOMJeOZ5SXQ==",
            "tags": null,
            "tags_all": {}
          },
          "sensitive_attributes": [],
          "private": "eyJzY2hlbWFfdmVyc2lvbiI6IjEifQ==",
          "dependencies": [
            "tls_private_key.mykey"
          ]
        }
      ]
    },
    {
      "mode": "managed",
      "type": "aws_nat_gateway",
      "name": "natgw",
      "provider": "provider[\"registry.terraform.io/hashicorp/aws\"]",
      "instances": [
        {
          "schema_version": 0,
          "attributes": {
            "allocation_id": "eipalloc-0d998fb6bca9c6e0c",
            "connectivity_type": "public",
            "id": "nat-09645fe0c9ab1afe7",
            "network_interface_id": "eni-06433e64e81aaf49c",
            "private_ip": "10.0.0.106",
            "public_ip": "3.16.195.235",
            "subnet_id": "subnet-02503f03781e7332a",
            "tags": {
              "Name": "natgw"
            },
            "tags_all": {
              "Name": "natgw"
            }
          },
          "sensitive_attributes": [],
          "private": "bnVsbA==",
          "dependencies": [
            "aws_eip.nat_ip",
            "aws_subnet.pub1",
            "aws_vpc.my_vpc"
          ]
        }
      ]
    },
    {
      "mode": "managed",
      "type": "aws_route_table",
      "name": "privateroute",
      "provider": "provider[\"registry.terraform.io/hashicorp/aws\"]",
      "instances": [
        {
          "schema_version": 0,
          "attributes": {
            "arn": "arn:aws:ec2:us-east-2:802679893191:route-table/rtb-0a0746aa5d04100f4",
            "id": "rtb-0a0746aa5d04100f4",
            "owner_id": "802679893191",
            "propagating_vgws": [],
            "route": [
              {
                "carrier_gateway_id": "",
                "cidr_block": "0.0.0.0/0",
                "core_network_arn": "",
                "destination_prefix_list_id": "",
                "egress_only_gateway_id": "",
                "gateway_id": "nat-09645fe0c9ab1afe7",
                "instance_id": "",
                "ipv6_cidr_block": "",
                "local_gateway_id": "",
                "nat_gateway_id": "",
                "network_interface_id": "",
                "transit_gateway_id": "",
                "vpc_endpoint_id": "",
                "vpc_peering_connection_id": ""
              }
            ],
            "tags": {
              "Name": "privateroute"
            },
            "tags_all": {
              "Name": "privateroute"
            },
            "timeouts": null,
            "vpc_id": "vpc-0f4b9866b38682444"
          },
          "sensitive_attributes": [],
          "private": "eyJlMmJmYjczMC1lY2FhLTExZTYtOGY4OC0zNDM2M2JjN2M0YzAiOnsiY3JlYXRlIjozMDAwMDAwMDAwMDAsImRlbGV0ZSI6MzAwMDAwMDAwMDAwLCJ1cGRhdGUiOjEyMDAwMDAwMDAwMH19",
          "dependencies": [
            "aws_nat_gateway.natgw",
            "aws_vpc.my_vpc"
          ]
        }
      ]
    },
    {
      "mode": "managed",
      "type": "aws_route_table",
      "name": "publicroute",
      "provider": "provider[\"registry.terraform.io/hashicorp/aws\"]",
      "instances": [
        {
          "schema_version": 0,
          "attributes": {
            "arn": "arn:aws:ec2:us-east-2:802679893191:route-table/rtb-0f8d2b30ead1d84bc",
            "id": "rtb-0f8d2b30ead1d84bc",
            "owner_id": "802679893191",
            "propagating_vgws": [],
            "route": [
              {
                "carrier_gateway_id": "",
                "cidr_block": "0.0.0.0/0",
                "core_network_arn": "",
                "destination_prefix_list_id": "",
                "egress_only_gateway_id": "",
                "gateway_id": "igw-00fd53d32db11b735",
                "instance_id": "",
                "ipv6_cidr_block": "",
                "local_gateway_id": "",
                "nat_gateway_id": "",
                "network_interface_id": "",
                "transit_gateway_id": "",
                "vpc_endpoint_id": "",
                "vpc_peering_connection_id": ""
              }
            ],
            "tags": {
              "Name": "publicroute"
            },
            "tags_all": {
              "Name": "publicroute"
            },
            "timeouts": null,
            "vpc_id": "vpc-0f4b9866b38682444"
          },
          "sensitive_attributes": [],
          "private": "eyJlMmJmYjczMC1lY2FhLTExZTYtOGY4OC0zNDM2M2JjN2M0YzAiOnsiY3JlYXRlIjozMDAwMDAwMDAwMDAsImRlbGV0ZSI6MzAwMDAwMDAwMDAwLCJ1cGRhdGUiOjEyMDAwMDAwMDAwMH19",
          "dependencies": [
            "aws_internet_gateway.gw",
            "aws_vpc.my_vpc"
          ]
        }
      ]
    },
    {
      "mode": "managed",
      "type": "aws_route_table_association",
      "name": "private_assocition1",
      "provider": "provider[\"registry.terraform.io/hashicorp/aws\"]",
      "instances": [
        {
          "schema_version": 0,
          "attributes": {
            "gateway_id": "",
            "id": "rtbassoc-0ae0b122fb263762e",
            "route_table_id": "rtb-0a0746aa5d04100f4",
            "subnet_id": "subnet-0944d0c9a1d12db58"
          },
          "sensitive_attributes": [],
          "private": "bnVsbA==",
          "dependencies": [
            "aws_eip.nat_ip",
            "aws_nat_gateway.natgw",
            "aws_route_table.privateroute",
            "aws_subnet.prv1",
            "aws_subnet.pub1",
            "aws_vpc.my_vpc"
          ]
        }
      ]
    },
    {
      "mode": "managed",
      "type": "aws_route_table_association",
      "name": "private_assocition2",
      "provider": "provider[\"registry.terraform.io/hashicorp/aws\"]",
      "instances": [
        {
          "schema_version": 0,
          "attributes": {
            "gateway_id": "",
            "id": "rtbassoc-0b15c9ca1e0610470",
            "route_table_id": "rtb-0a0746aa5d04100f4",
            "subnet_id": "subnet-011698f361d8fa90d"
          },
          "sensitive_attributes": [],
          "private": "bnVsbA==",
          "dependencies": [
            "aws_eip.nat_ip",
            "aws_nat_gateway.natgw",
            "aws_route_table.privateroute",
            "aws_subnet.prv2",
            "aws_subnet.pub1",
            "aws_vpc.my_vpc"
          ]
        }
      ]
    },
    {
      "mode": "managed",
      "type": "aws_route_table_association",
      "name": "private_assocition3",
      "provider": "provider[\"registry.terraform.io/hashicorp/aws\"]",
      "instances": [
        {
          "schema_version": 0,
          "attributes": {
            "gateway_id": "",
            "id": "rtbassoc-07935cd9611312e42",
            "route_table_id": "rtb-0a0746aa5d04100f4",
            "subnet_id": "subnet-0e2f33d5a433f2f68"
          },
          "sensitive_attributes": [],
          "private": "bnVsbA==",
          "dependencies": [
            "aws_eip.nat_ip",
            "aws_nat_gateway.natgw",
            "aws_route_table.privateroute",
            "aws_subnet.prv3",
            "aws_subnet.pub1",
            "aws_vpc.my_vpc"
          ]
        }
      ]
    },
    {
      "mode": "managed",
      "type": "aws_route_table_association",
      "name": "private_assocition4",
      "provider": "provider[\"registry.terraform.io/hashicorp/aws\"]",
      "instances": [
        {
          "schema_version": 0,
          "attributes": {
            "gateway_id": "",
            "id": "rtbassoc-00cf02f154e5913d3",
            "route_table_id": "rtb-0a0746aa5d04100f4",
            "subnet_id": "subnet-0f0b1098cc284eda4"
          },
          "sensitive_attributes": [],
          "private": "bnVsbA==",
          "dependencies": [
            "aws_eip.nat_ip",
            "aws_nat_gateway.natgw",
            "aws_route_table.privateroute",
            "aws_subnet.prv4",
            "aws_subnet.pub1",
            "aws_vpc.my_vpc"
          ]
        }
      ]
    },
    {
      "mode": "managed",
      "type": "aws_route_table_association",
      "name": "pub_assocition1",
      "provider": "provider[\"registry.terraform.io/hashicorp/aws\"]",
      "instances": [
        {
          "schema_version": 0,
          "attributes": {
            "gateway_id": "",
            "id": "rtbassoc-0bbc8242579c065fa",
            "route_table_id": "rtb-0f8d2b30ead1d84bc",
            "subnet_id": "subnet-02503f03781e7332a"
          },
          "sensitive_attributes": [],
          "private": "bnVsbA==",
          "dependencies": [
            "aws_internet_gateway.gw",
            "aws_route_table.publicroute",
            "aws_subnet.pub1",
            "aws_vpc.my_vpc"
          ]
        }
      ]
    },
    {
      "mode": "managed",
      "type": "aws_route_table_association",
      "name": "pub_assocition2",
      "provider": "provider[\"registry.terraform.io/hashicorp/aws\"]",
      "instances": [
        {
          "schema_version": 0,
          "attributes": {
            "gateway_id": "",
            "id": "rtbassoc-08a022d7b137404bc",
            "route_table_id": "rtb-0f8d2b30ead1d84bc",
            "subnet_id": "subnet-0228814f544d988fe"
          },
          "sensitive_attributes": [],
          "private": "bnVsbA==",
          "dependencies": [
            "aws_internet_gateway.gw",
            "aws_route_table.publicroute",
            "aws_subnet.pub2",
            "aws_vpc.my_vpc"
          ]
        }
      ]
    },
    {
      "mode": "managed",
      "type": "aws_security_group",
      "name": "allow_ssh",
      "provider": "provider[\"registry.terraform.io/hashicorp/aws\"]",
      "instances": [
        {
          "schema_version": 1,
          "attributes": {
            "arn": "arn:aws:ec2:us-east-2:802679893191:security-group/sg-0cc9e7cee18bf9b67",
            "description": "Allow SSH inbound traffic",
            "egress": [
              {
                "cidr_blocks": [
                  "0.0.0.0/0"
                ],
                "description": "",
                "from_port": 0,
                "ipv6_cidr_blocks": [],
                "prefix_list_ids": [],
                "protocol": "-1",
                "security_groups": [],
                "self": false,
                "to_port": 0
              }
            ],
            "id": "sg-0cc9e7cee18bf9b67",
            "ingress": [
              {
                "cidr_blocks": [
                  "0.0.0.0/0"
                ],
                "description": "ssh",
                "from_port": 22,
                "ipv6_cidr_blocks": [],
                "prefix_list_ids": [],
                "protocol": "tcp",
                "security_groups": [],
                "self": false,
                "to_port": 22
              }
            ],
            "name": "allow_ssh",
            "name_prefix": "",
            "owner_id": "802679893191",
            "revoke_rules_on_delete": false,
            "tags": {},
            "tags_all": {},
            "timeouts": null,
            "vpc_id": "vpc-0f4b9866b38682444"
          },
          "sensitive_attributes": [],
          "private": "eyJlMmJmYjczMC1lY2FhLTExZTYtOGY4OC0zNDM2M2JjN2M0YzAiOnsiY3JlYXRlIjo2MDAwMDAwMDAwMDAsImRlbGV0ZSI6OTAwMDAwMDAwMDAwfSwic2NoZW1hX3ZlcnNpb24iOiIxIn0=",
          "dependencies": [
            "aws_vpc.my_vpc"
          ]
        }
      ]
    },
    {
      "mode": "managed",
      "type": "aws_security_group",
      "name": "allow_ssh3000",
      "provider": "provider[\"registry.terraform.io/hashicorp/aws\"]",
      "instances": [
        {
          "schema_version": 1,
          "attributes": {
            "arn": "arn:aws:ec2:us-east-2:802679893191:security-group/sg-08e0b45044eea4bad",
            "description": "Allow SSH inbound traffic",
            "egress": [
              {
                "cidr_blocks": [
                  "0.0.0.0/0"
                ],
                "description": "",
                "from_port": 0,
                "ipv6_cidr_blocks": [],
                "prefix_list_ids": [],
                "protocol": "-1",
                "security_groups": [],
                "self": false,
                "to_port": 0
              }
            ],
            "id": "sg-08e0b45044eea4bad",
            "ingress": [
              {
                "cidr_blocks": [],
                "description": "3000",
                "from_port": 3000,
                "ipv6_cidr_blocks": [],
                "prefix_list_ids": [],
                "protocol": "tcp",
                "security_groups": [],
                "self": false,
                "to_port": 3000
              },
              {
                "cidr_blocks": [],
                "description": "ssh",
                "from_port": 22,
                "ipv6_cidr_blocks": [],
                "prefix_list_ids": [],
                "protocol": "tcp",
                "security_groups": [],
                "self": false,
                "to_port": 22
              }
            ],
            "name": "allow_ssh3000",
            "name_prefix": "",
            "owner_id": "802679893191",
            "revoke_rules_on_delete": false,
            "tags": {},
            "tags_all": {},
            "timeouts": null,
            "vpc_id": "vpc-0f4b9866b38682444"
          },
          "sensitive_attributes": [],
          "private": "eyJlMmJmYjczMC1lY2FhLTExZTYtOGY4OC0zNDM2M2JjN2M0YzAiOnsiY3JlYXRlIjo2MDAwMDAwMDAwMDAsImRlbGV0ZSI6OTAwMDAwMDAwMDAwfSwic2NoZW1hX3ZlcnNpb24iOiIxIn0=",
          "dependencies": [
            "aws_vpc.my_vpc"
          ]
        }
      ]
    },
    {
      "mode": "managed",
      "type": "aws_subnet",
      "name": "prv1",
      "provider": "provider[\"registry.terraform.io/hashicorp/aws\"]",
      "instances": [
        {
          "schema_version": 1,
          "attributes": {
            "arn": "arn:aws:ec2:us-east-2:802679893191:subnet/subnet-0944d0c9a1d12db58",
            "assign_ipv6_address_on_creation": false,
            "availability_zone": "us-east-2a",
            "availability_zone_id": "use2-az1",
            "cidr_block": "10.0.2.0/24",
            "customer_owned_ipv4_pool": "",
            "enable_dns64": false,
            "enable_resource_name_dns_a_record_on_launch": false,
            "enable_resource_name_dns_aaaa_record_on_launch": false,
            "id": "subnet-0944d0c9a1d12db58",
            "ipv6_cidr_block": "",
            "ipv6_cidr_block_association_id": "",
            "ipv6_native": false,
            "map_customer_owned_ip_on_launch": false,
            "map_public_ip_on_launch": false,
            "outpost_arn": "",
            "owner_id": "802679893191",
            "private_dns_hostname_type_on_launch": "ip-name",
            "tags": {
              "Name": "prv1"
            },
            "tags_all": {
              "Name": "prv1"
            },
            "timeouts": null,
            "vpc_id": "vpc-0f4b9866b38682444"
          },
          "sensitive_attributes": [],
          "private": "eyJlMmJmYjczMC1lY2FhLTExZTYtOGY4OC0zNDM2M2JjN2M0YzAiOnsiY3JlYXRlIjo2MDAwMDAwMDAwMDAsImRlbGV0ZSI6MTIwMDAwMDAwMDAwMH0sInNjaGVtYV92ZXJzaW9uIjoiMSJ9",
          "dependencies": [
            "aws_vpc.my_vpc"
          ]
        }
      ]
    },
    {
      "mode": "managed",
      "type": "aws_subnet",
      "name": "prv2",
      "provider": "provider[\"registry.terraform.io/hashicorp/aws\"]",
      "instances": [
        {
          "schema_version": 1,
          "attributes": {
            "arn": "arn:aws:ec2:us-east-2:802679893191:subnet/subnet-011698f361d8fa90d",
            "assign_ipv6_address_on_creation": false,
            "availability_zone": "us-east-2a",
            "availability_zone_id": "use2-az1",
            "cidr_block": "10.0.3.0/24",
            "customer_owned_ipv4_pool": "",
            "enable_dns64": false,
            "enable_resource_name_dns_a_record_on_launch": false,
            "enable_resource_name_dns_aaaa_record_on_launch": false,
            "id": "subnet-011698f361d8fa90d",
            "ipv6_cidr_block": "",
            "ipv6_cidr_block_association_id": "",
            "ipv6_native": false,
            "map_customer_owned_ip_on_launch": false,
            "map_public_ip_on_launch": false,
            "outpost_arn": "",
            "owner_id": "802679893191",
            "private_dns_hostname_type_on_launch": "ip-name",
            "tags": {
              "Name": "prv2"
            },
            "tags_all": {
              "Name": "prv2"
            },
            "timeouts": null,
            "vpc_id": "vpc-0f4b9866b38682444"
          },
          "sensitive_attributes": [],
          "private": "eyJlMmJmYjczMC1lY2FhLTExZTYtOGY4OC0zNDM2M2JjN2M0YzAiOnsiY3JlYXRlIjo2MDAwMDAwMDAwMDAsImRlbGV0ZSI6MTIwMDAwMDAwMDAwMH0sInNjaGVtYV92ZXJzaW9uIjoiMSJ9",
          "dependencies": [
            "aws_vpc.my_vpc"
          ]
        }
      ]
    },
    {
      "mode": "managed",
      "type": "aws_subnet",
      "name": "prv3",
      "provider": "provider[\"registry.terraform.io/hashicorp/aws\"]",
      "instances": [
        {
          "schema_version": 1,
          "attributes": {
            "arn": "arn:aws:ec2:us-east-2:802679893191:subnet/subnet-0e2f33d5a433f2f68",
            "assign_ipv6_address_on_creation": false,
            "availability_zone": "us-east-2b",
            "availability_zone_id": "use2-az2",
            "cidr_block": "10.0.4.0/24",
            "customer_owned_ipv4_pool": "",
            "enable_dns64": false,
            "enable_resource_name_dns_a_record_on_launch": false,
            "enable_resource_name_dns_aaaa_record_on_launch": false,
            "id": "subnet-0e2f33d5a433f2f68",
            "ipv6_cidr_block": "",
            "ipv6_cidr_block_association_id": "",
            "ipv6_native": false,
            "map_customer_owned_ip_on_launch": false,
            "map_public_ip_on_launch": false,
            "outpost_arn": "",
            "owner_id": "802679893191",
            "private_dns_hostname_type_on_launch": "ip-name",
            "tags": {
              "Name": "prv3"
            },
            "tags_all": {
              "Name": "prv3"
            },
            "timeouts": null,
            "vpc_id": "vpc-0f4b9866b38682444"
          },
          "sensitive_attributes": [],
          "private": "eyJlMmJmYjczMC1lY2FhLTExZTYtOGY4OC0zNDM2M2JjN2M0YzAiOnsiY3JlYXRlIjo2MDAwMDAwMDAwMDAsImRlbGV0ZSI6MTIwMDAwMDAwMDAwMH0sInNjaGVtYV92ZXJzaW9uIjoiMSJ9",
          "dependencies": [
            "aws_vpc.my_vpc"
          ]
        }
      ]
    },
    {
      "mode": "managed",
      "type": "aws_subnet",
      "name": "prv4",
      "provider": "provider[\"registry.terraform.io/hashicorp/aws\"]",
      "instances": [
        {
          "schema_version": 1,
          "attributes": {
            "arn": "arn:aws:ec2:us-east-2:802679893191:subnet/subnet-0f0b1098cc284eda4",
            "assign_ipv6_address_on_creation": false,
            "availability_zone": "us-east-2b",
            "availability_zone_id": "use2-az2",
            "cidr_block": "10.0.5.0/24",
            "customer_owned_ipv4_pool": "",
            "enable_dns64": false,
            "enable_resource_name_dns_a_record_on_launch": false,
            "enable_resource_name_dns_aaaa_record_on_launch": false,
            "id": "subnet-0f0b1098cc284eda4",
            "ipv6_cidr_block": "",
            "ipv6_cidr_block_association_id": "",
            "ipv6_native": false,
            "map_customer_owned_ip_on_launch": false,
            "map_public_ip_on_launch": false,
            "outpost_arn": "",
            "owner_id": "802679893191",
            "private_dns_hostname_type_on_launch": "ip-name",
            "tags": {
              "Name": "prv4"
            },
            "tags_all": {
              "Name": "prv4"
            },
            "timeouts": null,
            "vpc_id": "vpc-0f4b9866b38682444"
          },
          "sensitive_attributes": [],
          "private": "eyJlMmJmYjczMC1lY2FhLTExZTYtOGY4OC0zNDM2M2JjN2M0YzAiOnsiY3JlYXRlIjo2MDAwMDAwMDAwMDAsImRlbGV0ZSI6MTIwMDAwMDAwMDAwMH0sInNjaGVtYV92ZXJzaW9uIjoiMSJ9",
          "dependencies": [
            "aws_vpc.my_vpc"
          ]
        }
      ]
    },
    {
      "mode": "managed",
      "type": "aws_subnet",
      "name": "pub1",
      "provider": "provider[\"registry.terraform.io/hashicorp/aws\"]",
      "instances": [
        {
          "schema_version": 1,
          "attributes": {
            "arn": "arn:aws:ec2:us-east-2:802679893191:subnet/subnet-02503f03781e7332a",
            "assign_ipv6_address_on_creation": false,
            "availability_zone": "us-east-2a",
            "availability_zone_id": "use2-az1",
            "cidr_block": "10.0.0.0/24",
            "customer_owned_ipv4_pool": "",
            "enable_dns64": false,
            "enable_resource_name_dns_a_record_on_launch": false,
            "enable_resource_name_dns_aaaa_record_on_launch": false,
            "id": "subnet-02503f03781e7332a",
            "ipv6_cidr_block": "",
            "ipv6_cidr_block_association_id": "",
            "ipv6_native": false,
            "map_customer_owned_ip_on_launch": false,
            "map_public_ip_on_launch": false,
            "outpost_arn": "",
            "owner_id": "802679893191",
            "private_dns_hostname_type_on_launch": "ip-name",
            "tags": {
              "Name": "pub1"
            },
            "tags_all": {
              "Name": "pub1"
            },
            "timeouts": null,
            "vpc_id": "vpc-0f4b9866b38682444"
          },
          "sensitive_attributes": [],
          "private": "eyJlMmJmYjczMC1lY2FhLTExZTYtOGY4OC0zNDM2M2JjN2M0YzAiOnsiY3JlYXRlIjo2MDAwMDAwMDAwMDAsImRlbGV0ZSI6MTIwMDAwMDAwMDAwMH0sInNjaGVtYV92ZXJzaW9uIjoiMSJ9",
          "dependencies": [
            "aws_vpc.my_vpc"
          ]
        }
      ]
    },
    {
      "mode": "managed",
      "type": "aws_subnet",
      "name": "pub2",
      "provider": "provider[\"registry.terraform.io/hashicorp/aws\"]",
      "instances": [
        {
          "schema_version": 1,
          "attributes": {
            "arn": "arn:aws:ec2:us-east-2:802679893191:subnet/subnet-0228814f544d988fe",
            "assign_ipv6_address_on_creation": false,
            "availability_zone": "us-east-2b",
            "availability_zone_id": "use2-az2",
            "cidr_block": "10.0.1.0/24",
            "customer_owned_ipv4_pool": "",
            "enable_dns64": false,
            "enable_resource_name_dns_a_record_on_launch": false,
            "enable_resource_name_dns_aaaa_record_on_launch": false,
            "id": "subnet-0228814f544d988fe",
            "ipv6_cidr_block": "",
            "ipv6_cidr_block_association_id": "",
            "ipv6_native": false,
            "map_customer_owned_ip_on_launch": false,
            "map_public_ip_on_launch": false,
            "outpost_arn": "",
            "owner_id": "802679893191",
            "private_dns_hostname_type_on_launch": "ip-name",
            "tags": {
              "Name": "pub2"
            },
            "tags_all": {
              "Name": "pub2"
            },
            "timeouts": null,
            "vpc_id": "vpc-0f4b9866b38682444"
          },
          "sensitive_attributes": [],
          "private": "eyJlMmJmYjczMC1lY2FhLTExZTYtOGY4OC0zNDM2M2JjN2M0YzAiOnsiY3JlYXRlIjo2MDAwMDAwMDAwMDAsImRlbGV0ZSI6MTIwMDAwMDAwMDAwMH0sInNjaGVtYV92ZXJzaW9uIjoiMSJ9",
          "dependencies": [
            "aws_vpc.my_vpc"
          ]
        }
      ]
    },
    {
      "mode": "managed",
      "type": "aws_vpc",
      "name": "my_vpc",
      "provider": "provider[\"registry.terraform.io/hashicorp/aws\"]",
      "instances": [
        {
          "schema_version": 1,
          "attributes": {
            "arn": "arn:aws:ec2:us-east-2:802679893191:vpc/vpc-0f4b9866b38682444",
            "assign_generated_ipv6_cidr_block": false,
            "cidr_block": "10.0.0.0/16",
            "default_network_acl_id": "acl-05db73a124ecd725e",
            "default_route_table_id": "rtb-0ff4a2b4fed44cdce",
            "default_security_group_id": "sg-06a5c1fe12d7b2bc0",
            "dhcp_options_id": "dopt-00a54cffd87d2e659",
            "enable_classiclink": false,
            "enable_classiclink_dns_support": false,
            "enable_dns_hostnames": false,
            "enable_dns_support": true,
            "id": "vpc-0f4b9866b38682444",
            "instance_tenancy": "default",
            "ipv4_ipam_pool_id": null,
            "ipv4_netmask_length": null,
            "ipv6_association_id": "",
            "ipv6_cidr_block": "",
            "ipv6_cidr_block_network_border_group": "",
            "ipv6_ipam_pool_id": "",
            "ipv6_netmask_length": 0,
            "main_route_table_id": "rtb-0ff4a2b4fed44cdce",
            "owner_id": "802679893191",
            "tags": {
              "Name": "my_vpc"
            },
            "tags_all": {
              "Name": "my_vpc"
            }
          },
          "sensitive_attributes": [],
          "private": "eyJzY2hlbWFfdmVyc2lvbiI6IjEifQ=="
        }
      ]
    },
    {
      "mode": "managed",
      "type": "tls_private_key",
      "name": "mykey",
      "provider": "provider[\"registry.terraform.io/hashicorp/tls\"]",
      "instances": [
        {
          "schema_version": 0,
          "attributes": {
            "algorithm": "RSA",
            "ecdsa_curve": "P224",
            "id": "b0449c48c8c53fe599b81a3fa0e674c17e63c176",
            "private_key_openssh": "-----BEGIN OPENSSH PRIVATE KEY-----\nb3BlbnNzaC1rZXktdjEAAAAABG5vbmUAAAAEbm9uZQAAAAAAAAABAAACFwAAAAdz\nc2gtcnNhAAAAAwEAAQAAAgEA7LUnhZqC4ovPRbPxQrqESvvwOtb1gxXPN8NLJPaO\nNakNsaMYkveAnKcC9iwP/e5U/UgUoEbJl3MKKwMhHcGd+pw1ploLLDAWma2cXlrl\n1lxPd8l82t6bde8ksiXyfXyo6wxM4wT59ibNQgKycMbklFXDsyaBDL5k3yxhX94h\nbe0S+UvTSM6xDlnWltAY4ahGZYLL15xxXaj3pw2g7yGIK7PYNzjQJhrLmYpYLV4K\nP4ys8mDHMKAq9Kk5tR/AkfSzPABHbi3JSdqJAaaZrGAJBukzu4yxQJBoZn5hRJfm\nhY1xKkakYamff/aooTxnnIYL3XJ146b4vTln1EkkonrKU7qX7SUT7lx3TDBHkpGc\nX9mqe75d0klqe+vWvEzixCgzuF/AvAFk7+UjvQIfQnp8GaWzcmgKmWeE28Agl34N\nJrUa9kEnWauG/ZcHDuBx1vi5ql0+2yVWtedJx4FRX4XnXTDLMlDn5ZkgU+Q0YKKN\nJgbqE9Gho+3ATJZNHkAfXyJIpaQe/cKquV8Qbg/8DscOy3uRFKwn8GRS9OrIAU/J\nhfiGYYvUwshIA2Q/WVoD1kjQaUH6+fsMnNPFKvrDY8vAsfAestpHdprkVn4Ul7Bm\nBC+Qnc7E0G89KP/8q6QJgIU02fs+N4sHUDUR41ycQdVxw+BaMH85b2LOLDjCXjme\nUl0AAAc4n4qS7Z+Kku0AAAAHc3NoLXJzYQAAAgEA7LUnhZqC4ovPRbPxQrqESvvw\nOtb1gxXPN8NLJPaONakNsaMYkveAnKcC9iwP/e5U/UgUoEbJl3MKKwMhHcGd+pw1\nploLLDAWma2cXlrl1lxPd8l82t6bde8ksiXyfXyo6wxM4wT59ibNQgKycMbklFXD\nsyaBDL5k3yxhX94hbe0S+UvTSM6xDlnWltAY4ahGZYLL15xxXaj3pw2g7yGIK7PY\nNzjQJhrLmYpYLV4KP4ys8mDHMKAq9Kk5tR/AkfSzPABHbi3JSdqJAaaZrGAJBukz\nu4yxQJBoZn5hRJfmhY1xKkakYamff/aooTxnnIYL3XJ146b4vTln1EkkonrKU7qX\n7SUT7lx3TDBHkpGcX9mqe75d0klqe+vWvEzixCgzuF/AvAFk7+UjvQIfQnp8GaWz\ncmgKmWeE28Agl34NJrUa9kEnWauG/ZcHDuBx1vi5ql0+2yVWtedJx4FRX4XnXTDL\nMlDn5ZkgU+Q0YKKNJgbqE9Gho+3ATJZNHkAfXyJIpaQe/cKquV8Qbg/8DscOy3uR\nFKwn8GRS9OrIAU/JhfiGYYvUwshIA2Q/WVoD1kjQaUH6+fsMnNPFKvrDY8vAsfAe\nstpHdprkVn4Ul7BmBC+Qnc7E0G89KP/8q6QJgIU02fs+N4sHUDUR41ycQdVxw+Ba\nMH85b2LOLDjCXjmeUl0AAAADAQABAAACAFGCA6zuypkF+YaP8si+fyVu4YbxVDMi\nRGt4NRzyRX/WyZ9cgO7CiSfoHo30GEGhWuSoeGnEVlBvTZYICtQ7QpH0TkkNAoHh\nwTaD4K9g73nD6Z1e5T5cnv2aLnGlvX1WergNUUBvCz+mltFfKmDJLBaj/bJn1NI1\nkXiDyLgBPlOi6gCsCoIsoi1F5C2kVJ0Hm84CnvyMo0DUGQsOF1egnUonMJG7X3lv\niqJBUCG3GyJM55TCnHRzAreiuftThrT7pOhJVE9tNr3WoYzO+GWx4AngLW8sgDCy\nSTDZ3daH09ozHT+oeZwjk4e1wNVcfnUYd2d2rX+JlGdcKBOiaBoG3DoVGVWY9k+v\nD7phXEov4AY+RuH7sDzR6qCaSrmF095WGWy78xkzycye9N0xa6kxPloldQEylaSH\nXCovlh36v/IccNoEzqgPAaeNKDYctEVYgQB4KFM1V4raO1CN2zpmWlpB5F5llo/j\n4igrwpVM/mlbinW6A4hHw3dsN6uqJiqySsOTiaVNINAf3mqJ2PoELsFGMuLniDfM\nSA3hC9pVUu0mF2DHfEOBnDxFvMdh93wa8KdtsscwY/XYgWRrlmCFwILtk/rDDoHY\nqwGL3n3MosJ2iWTpVevslrz8eS7OJgR2BntLFkyvRCJ9q+vqs+XF5piL5C95Ii0y\nPoPVBvnM+HvlAAAA/3dz3zffe861xNY1WC2inZZqIh641Ka7UDnRj5uO3D0p1gPi\nqoISipOtUo6IbN1skSwgSMFkKVyLL7wKts9uGEBVPADI2c93FeX+Rh7YT6GtnmYN\nqxOyxCRzs+3xrwb977ZRcqBxTPwVs8dmDziEQ3q32hwYEUoc3Nmmp/EPCXhNJNFq\n0w1FhaQHm2JL7+9B/j0VtfcrjW0lUuRrstlOjfOKYpUgMsC+7Jyp/G+v8GHHM8f9\noqhmTRaCBLpe05Wt2R3EsRYM/V2oL5XGGreORI7cBmpiFxcAqsXL5xcbRngAyOlY\nKoxoHNhoTi+KD3nJu8WpGX2dT/LwoxRjFLDDeQAAAQEA8OIIrk4s4Hh8g6dl7bdj\ngCzBWv0XXJI8b99ijtNHPXk48x9JWNi2A0oDoONQDL5fnIWb9n2LUKmkgwpS9fvl\n4QlIY4LFb8LtLjYmmvku06GdEtJFez1RU4aTL/D3mMA3VPTK7KSHEVDj6lOx3I1F\nOREKjI//bN4wkj2qH12dH9p7X+MToTkiweC26vwJLK8quXgX1oFq2w+82EEtR1du\niWof4igK5nTJHPg/jM+effalsHrPedImGANOVGqFUw07lvYdZQg/Mhm8nqdedO5o\nZB48DrT5fDdbtInJJSOwI6+DHiCGLcKyvZ0qprL15DLuxj0pw07N3t5Xabl1Dkxo\n0wAAAQEA+5AKfFUDBpd2X5S7wRSG7483suh6YEay1587hAgRLu5rzmr2AB+XYdnE\nj9B0pcNQm14QnsgFFQWlwTIcXSpNZ42EMRq3ijCwGd1QiPa42271ZgD1wHvVeah4\nD/JmeqZAHgizK4hEbEQ8Djhh6UtBSQuyCll1RmhlxzLh3ElSBC71NQ2iBPgOpgGB\nthhm1KOP3hTYjT2HeGg1wc5Kh8dzI4IMMzhc7WkGxuiR5FvL3Ftu2O50IwPIdi6M\nspEiTqAxRg5oy9gOI0y8qo1GLKJf07T0Zay/M1XrBmJ0mkXVggiNPYtqIQLBLgKd\n7oI1VghdZQVV/a6BBXorpBDgUk5aDwAAAAABAgME\n-----END OPENSSH PRIVATE KEY-----\n",
            "private_key_pem": "-----BEGIN RSA PRIVATE KEY-----\nMIIJJgIBAAKCAgEA7LUnhZqC4ovPRbPxQrqESvvwOtb1gxXPN8NLJPaONakNsaMY\nkveAnKcC9iwP/e5U/UgUoEbJl3MKKwMhHcGd+pw1ploLLDAWma2cXlrl1lxPd8l8\n2t6bde8ksiXyfXyo6wxM4wT59ibNQgKycMbklFXDsyaBDL5k3yxhX94hbe0S+UvT\nSM6xDlnWltAY4ahGZYLL15xxXaj3pw2g7yGIK7PYNzjQJhrLmYpYLV4KP4ys8mDH\nMKAq9Kk5tR/AkfSzPABHbi3JSdqJAaaZrGAJBukzu4yxQJBoZn5hRJfmhY1xKkak\nYamff/aooTxnnIYL3XJ146b4vTln1EkkonrKU7qX7SUT7lx3TDBHkpGcX9mqe75d\n0klqe+vWvEzixCgzuF/AvAFk7+UjvQIfQnp8GaWzcmgKmWeE28Agl34NJrUa9kEn\nWauG/ZcHDuBx1vi5ql0+2yVWtedJx4FRX4XnXTDLMlDn5ZkgU+Q0YKKNJgbqE9Gh\no+3ATJZNHkAfXyJIpaQe/cKquV8Qbg/8DscOy3uRFKwn8GRS9OrIAU/JhfiGYYvU\nwshIA2Q/WVoD1kjQaUH6+fsMnNPFKvrDY8vAsfAestpHdprkVn4Ul7BmBC+Qnc7E\n0G89KP/8q6QJgIU02fs+N4sHUDUR41ycQdVxw+BaMH85b2LOLDjCXjmeUl0CAwEA\nAQKCAgBRggOs7sqZBfmGj/LIvn8lbuGG8VQzIkRreDUc8kV/1smfXIDuwokn6B6N\n9BhBoVrkqHhpxFZQb02WCArUO0KR9E5JDQKB4cE2g+CvYO95w+mdXuU+XJ79mi5x\npb19Vnq4DVFAbws/ppbRXypgySwWo/2yZ9TSNZF4g8i4AT5TouoArAqCLKItReQt\npFSdB5vOAp78jKNA1BkLDhdXoJ1KJzCRu195b4qiQVAhtxsiTOeUwpx0cwK3orn7\nU4a0+6ToSVRPbTa91qGMzvhlseAJ4C1vLIAwskkw2d3Wh9PaMx0/qHmcI5OHtcDV\nXH51GHdndq1/iZRnXCgTomgaBtw6FRlVmPZPrw+6YVxKL+AGPkbh+7A80eqgmkq5\nhdPeVhlsu/MZM8nMnvTdMWupMT5aJXUBMpWkh1wqL5Yd+r/yHHDaBM6oDwGnjSg2\nHLRFWIEAeChTNVeK2jtQjds6ZlpaQeReZZaP4+IoK8KVTP5pW4p1ugOIR8N3bDer\nqiYqskrDk4mlTSDQH95qidj6BC7BRjLi54g3zEgN4QvaVVLtJhdgx3xDgZw8RbzH\nYfd8GvCnbbLHMGP12IFka5ZghcCC7ZP6ww6B2KsBi959zKLCdolk6VXr7Ja8/Hku\nziYEdgZ7SxZMr0Qifavr6rPlxeaYi+QveSItMj6D1Qb5zPh75QKCAQEA8OIIrk4s\n4Hh8g6dl7bdjgCzBWv0XXJI8b99ijtNHPXk48x9JWNi2A0oDoONQDL5fnIWb9n2L\nUKmkgwpS9fvl4QlIY4LFb8LtLjYmmvku06GdEtJFez1RU4aTL/D3mMA3VPTK7KSH\nEVDj6lOx3I1FOREKjI//bN4wkj2qH12dH9p7X+MToTkiweC26vwJLK8quXgX1oFq\n2w+82EEtR1duiWof4igK5nTJHPg/jM+effalsHrPedImGANOVGqFUw07lvYdZQg/\nMhm8nqdedO5oZB48DrT5fDdbtInJJSOwI6+DHiCGLcKyvZ0qprL15DLuxj0pw07N\n3t5Xabl1Dkxo0wKCAQEA+5AKfFUDBpd2X5S7wRSG7483suh6YEay1587hAgRLu5r\nzmr2AB+XYdnEj9B0pcNQm14QnsgFFQWlwTIcXSpNZ42EMRq3ijCwGd1QiPa42271\nZgD1wHvVeah4D/JmeqZAHgizK4hEbEQ8Djhh6UtBSQuyCll1RmhlxzLh3ElSBC71\nNQ2iBPgOpgGBthhm1KOP3hTYjT2HeGg1wc5Kh8dzI4IMMzhc7WkGxuiR5FvL3Ftu\n2O50IwPIdi6MspEiTqAxRg5oy9gOI0y8qo1GLKJf07T0Zay/M1XrBmJ0mkXVggiN\nPYtqIQLBLgKd7oI1VghdZQVV/a6BBXorpBDgUk5aDwKCAQApenKOOS3nFTgzn16g\n2WRLzOkaltwv94pqpSeeemkY/8e7rZZ+swpcdKE9UgcVuq5SEHuzrRiRMjT+z4dL\nji2eW2/YmssOnJ0kyPRK2T+j939Jn2WRfBSF8nVj2vV3mxmsCl7q8sXDSI+GaRUG\nalkSI4oSfDU6dOQeOnoR3pfQxVlbQIm/yEvg4KX+vpmB1UPhHfnU2QIiaIpXHpoC\nX97L0LdexRBjcJa041ZmE9Yx0IflZLBXRMWEewVA6fq9O1kYfJbBL/NZ2C6vjxhn\nwCm/m6kxyx3ussWax+MX/xY0fuNwC5+vP4hxuB+BBu3qdo7BGgUX+XjfuJ+KuAGd\nDbE7AoIBAQDSOd2JacHNkGXsGm+NO4pISHdTm9QpAOwUJY2nGNbDUZvmNJzAHaZ0\nr3gEd0AEBuUl8cYR6zXUC5Qpj6cEdIWbNDh0kM8xPN7tvnW+//Ab8O5DACpfYR1V\nPeSX7wqVFLogX0Tb7FTB5YQKnjO0sp8sXAm9fGT1IelsPqlhXiScOmHQpEPxwxr6\nv+eWNW455TYlcWZHIlRD21KRU8QVFCi0U8m+RCvkexCeyVyiadRDomVQBHYpjM/J\nc71AvOjerCCBWylYsIWgGlDQdp9eTZOnaGGVVneyfuqZu02WXyW+NUdTV16pl5O4\nz5cL6uSHsRXbhkoGZf6MhTxTL4dHQRMhAoH/d3PfN997zrXE1jVYLaKdlmoiHrjU\nprtQOdGPm47cPSnWA+KqghKKk61Sjohs3WyRLCBIwWQpXIsvvAq2z24YQFU8AMjZ\nz3cV5f5GHthPoa2eZg2rE7LEJHOz7fGvBv3vtlFyoHFM/BWzx2YPOIRDerfaHBgR\nShzc2aan8Q8JeE0k0WrTDUWFpAebYkvv70H+PRW19yuNbSVS5Guy2U6N84pilSAy\nwL7snKn8b6/wYcczx/2iqGZNFoIEul7Tla3ZHcSxFgz9XagvlcYat45EjtwGamIX\nFwCqxcvnFxtGeADI6VgqjGgc2GhOL4oPecm7xakZfZ1P8vCjFGMUsMN5\n-----END RSA PRIVATE KEY-----\n",
            "public_key_fingerprint_md5": "60:37:7b:5d:ab:90:8f:2f:3c:38:ae:ef:46:bd:ad:42",
            "public_key_fingerprint_sha256": "SHA256:MZ9UAH7ckOzbwIF3CK87ANV5IzEiF1FhlI/A/DXPCGs",
            "public_key_openssh": "ssh-rsa AAAAB3NzaC1yc2EAAAADAQABAAACAQDstSeFmoLii89Fs/FCuoRK+/A61vWDFc83w0sk9o41qQ2xoxiS94CcpwL2LA/97lT9SBSgRsmXcworAyEdwZ36nDWmWgssMBaZrZxeWuXWXE93yXza3pt17ySyJfJ9fKjrDEzjBPn2Js1CArJwxuSUVcOzJoEMvmTfLGFf3iFt7RL5S9NIzrEOWdaW0BjhqEZlgsvXnHFdqPenDaDvIYgrs9g3ONAmGsuZilgtXgo/jKzyYMcwoCr0qTm1H8CR9LM8AEduLclJ2okBppmsYAkG6TO7jLFAkGhmfmFEl+aFjXEqRqRhqZ9/9qihPGechgvdcnXjpvi9OWfUSSSiespTupftJRPuXHdMMEeSkZxf2ap7vl3SSWp769a8TOLEKDO4X8C8AWTv5SO9Ah9CenwZpbNyaAqZZ4TbwCCXfg0mtRr2QSdZq4b9lwcO4HHW+LmqXT7bJVa150nHgVFfheddMMsyUOflmSBT5DRgoo0mBuoT0aGj7cBMlk0eQB9fIkilpB79wqq5XxBuD/wOxw7Le5EUrCfwZFL06sgBT8mF+IZhi9TCyEgDZD9ZWgPWSNBpQfr5+wyc08Uq+sNjy8Cx8B6y2kd2muRWfhSXsGYEL5CdzsTQbz0o//yrpAmAhTTZ+z43iwdQNRHjXJxB1XHD4FowfzlvYs4sOMJeOZ5SXQ==\n",
            "public_key_pem": "-----BEGIN PUBLIC KEY-----\nMIICIjANBgkqhkiG9w0BAQEFAAOCAg8AMIICCgKCAgEA7LUnhZqC4ovPRbPxQrqE\nSvvwOtb1gxXPN8NLJPaONakNsaMYkveAnKcC9iwP/e5U/UgUoEbJl3MKKwMhHcGd\n+pw1ploLLDAWma2cXlrl1lxPd8l82t6bde8ksiXyfXyo6wxM4wT59ibNQgKycMbk\nlFXDsyaBDL5k3yxhX94hbe0S+UvTSM6xDlnWltAY4ahGZYLL15xxXaj3pw2g7yGI\nK7PYNzjQJhrLmYpYLV4KP4ys8mDHMKAq9Kk5tR/AkfSzPABHbi3JSdqJAaaZrGAJ\nBukzu4yxQJBoZn5hRJfmhY1xKkakYamff/aooTxnnIYL3XJ146b4vTln1EkkonrK\nU7qX7SUT7lx3TDBHkpGcX9mqe75d0klqe+vWvEzixCgzuF/AvAFk7+UjvQIfQnp8\nGaWzcmgKmWeE28Agl34NJrUa9kEnWauG/ZcHDuBx1vi5ql0+2yVWtedJx4FRX4Xn\nXTDLMlDn5ZkgU+Q0YKKNJgbqE9Gho+3ATJZNHkAfXyJIpaQe/cKquV8Qbg/8DscO\ny3uRFKwn8GRS9OrIAU/JhfiGYYvUwshIA2Q/WVoD1kjQaUH6+fsMnNPFKvrDY8vA\nsfAestpHdprkVn4Ul7BmBC+Qnc7E0G89KP/8q6QJgIU02fs+N4sHUDUR41ycQdVx\nw+BaMH85b2LOLDjCXjmeUl0CAwEAAQ==\n-----END PUBLIC KEY-----\n",
            "rsa_bits": 4096
          },
          "sensitive_attributes": [],
          "private": "bnVsbA=="
        }
      ]
    }
  ]
}
